{
  "name": "KloutKast",
  "version": "0.0.1",
  "lockfileVersion": 1,
  "requires": true,
  "dependencies": {
    "react-native-dropdown-autocomplete-textinput": {
      "version": "1.0.1",
      "resolved": "https://registry.npmjs.org/react-native-dropdown-autocomplete-textinput/-/react-native-dropdown-autocomplete-textinput-1.0.1.tgz",
      "integrity": "sha512-jIvzHWY3i92POBzpRbD3mvTc8lzWF+q22kBzAUquXAL6r+cgGd51YPS6E8T4VScS4eLP/j0u4Z+9vblkip1Jdg=="
    }
  }
}
